
Microsoft Visual Studio Solution File, Format Version 12.00
# Visual Studio Version 17
VisualStudioVersion = 17.6.33801.468
MinimumVisualStudioVersion = 10.0.40219.1
Project("{9A19103F-16F7-4668-BE54-9A1E7A4F7556}") = "Forum.Repository", "Forum.Repository\Forum.Repository.csproj", "{A003B2BD-6AC5-4A42-805A-8F553187C448}"
EndProject
Project("{9A19103F-16F7-4668-BE54-9A1E7A4F7556}") = "Forum.Models", "Forum.Models\Forum.Models.csproj", "{6D312C0E-C4BB-4220-A747-F2BE484AAC1C}"
EndProject
Project("{FAE04EC0-301F-11D3-BF4B-00C04F79EFBC}") = "Forum.API", "Forum.API\Forum.API.csproj", "{E74B190D-525A-49CC-BC62-5C801553D1DD}"
EndProject
Global
	GlobalSection(SolutionConfigurationPlatforms) = preSolution
		Debug|Any CPU = Debug|Any CPU
		Release|Any CPU = Release|Any CPU
	EndGlobalSection
	GlobalSection(ProjectConfigurationPlatforms) = postSolution
		{A003B2BD-6AC5-4A42-805A-8F553187C448}.Debug|Any CPU.ActiveCfg = Debug|Any CPU
		{A003B2BD-6AC5-4A42-805A-8F553187C448}.Debug|Any CPU.Build.0 = Debug|Any CPU
		{A003B2BD-6AC5-4A42-805A-8F553187C448}.Release|Any CPU.ActiveCfg = Release|Any CPU
		{A003B2BD-6AC5-4A42-805A-8F553187C448}.Release|Any CPU.Build.0 = Release|Any CPU
		{6D312C0E-C4BB-4220-A747-F2BE484AAC1C}.Debug|Any CPU.ActiveCfg = Debug|Any CPU
		{6D312C0E-C4BB-4220-A747-F2BE484AAC1C}.Debug|Any CPU.Build.0 = Debug|Any CPU
		{6D312C0E-C4BB-4220-A747-F2BE484AAC1C}.Release|Any CPU.ActiveCfg = Release|Any CPU
		{6D312C0E-C4BB-4220-A747-F2BE484AAC1C}.Release|Any CPU.Build.0 = Release|Any CPU
		{E74B190D-525A-49CC-BC62-5C801553D1DD}.Debug|Any CPU.ActiveCfg = Debug|Any CPU
		{E74B190D-525A-49CC-BC62-5C801553D1DD}.Debug|Any CPU.Build.0 = Debug|Any CPU
		{E74B190D-525A-49CC-BC62-5C801553D1DD}.Release|Any CPU.ActiveCfg = Release|Any CPU
		{E74B190D-525A-49CC-BC62-5C801553D1DD}.Release|Any CPU.Build.0 = Release|Any CPU
	EndGlobalSection
	GlobalSection(SolutionProperties) = preSolution
		HideSolutionNode = FALSE
	EndGlobalSection
	GlobalSection(ExtensibilityGlobals) = postSolution
		SolutionGuid = {44D12685-CE37-491E-ABF9-8512D4F85CFC}
	EndGlobalSection
EndGlobal
