
Microsoft Visual Studio Solution File, Format Version 12.00
# Visual Studio Version 17
VisualStudioVersion = 17.6.33801.468
MinimumVisualStudioVersion = 10.0.40219.1
Project("{9A19103F-16F7-4668-BE54-9A1E7A4F7556}") = "Forum", "Forum\Forum.csproj", "{B04CD8EE-BA97-4DBA-9C22-4762AB4A5753}"
EndProject
Project("{FAE04EC0-301F-11D3-BF4B-00C04F79EFBC}") = "DataModel", "DataModel\DataModel.csproj", "{569B59C0-8F8B-4115-A13D-DC4E16029E7D}"
EndProject
Global
	GlobalSection(SolutionConfigurationPlatforms) = preSolution
		Debug|Any CPU = Debug|Any CPU
		Release|Any CPU = Release|Any CPU
	EndGlobalSection
	GlobalSection(ProjectConfigurationPlatforms) = postSolution
		{B04CD8EE-BA97-4DBA-9C22-4762AB4A5753}.Debug|Any CPU.ActiveCfg = Debug|Any CPU
		{B04CD8EE-BA97-4DBA-9C22-4762AB4A5753}.Debug|Any CPU.Build.0 = Debug|Any CPU
		{B04CD8EE-BA97-4DBA-9C22-4762AB4A5753}.Release|Any CPU.ActiveCfg = Release|Any CPU
		{B04CD8EE-BA97-4DBA-9C22-4762AB4A5753}.Release|Any CPU.Build.0 = Release|Any CPU
		{569B59C0-8F8B-4115-A13D-DC4E16029E7D}.Debug|Any CPU.ActiveCfg = Debug|Any CPU
		{569B59C0-8F8B-4115-A13D-DC4E16029E7D}.Debug|Any CPU.Build.0 = Debug|Any CPU
		{569B59C0-8F8B-4115-A13D-DC4E16029E7D}.Release|Any CPU.ActiveCfg = Release|Any CPU
		{569B59C0-8F8B-4115-A13D-DC4E16029E7D}.Release|Any CPU.Build.0 = Release|Any CPU
	EndGlobalSection
	GlobalSection(SolutionProperties) = preSolution
		HideSolutionNode = FALSE
	EndGlobalSection
	GlobalSection(ExtensibilityGlobals) = postSolution
		SolutionGuid = {44D12685-CE37-491E-ABF9-8512D4F85CFC}
	EndGlobalSection
EndGlobal
